// !$*UTF8*$!
{
	archiveVersion = 1;
	classes = {
	};
	objectVersion = 50;
	objects = {

/* Begin PBXBuildFile section */
		6109B65D29B4D0FF003466CA /* MischungsrechnerView.swift in Sources */ = {isa = PBXBuildFile; fileRef = 6109B65C29B4D0FF003466CA /* MischungsrechnerView.swift */; };
		61B2E6BA29B4A18D00765413 /* Base.lproj in Resources */ = {isa = PBXBuildFile; fileRef = 61B2E6B529B4A18D00765413 /* Base.lproj */; };
		61B2E6BC29B4A18D00765413 /* Assets.xcassets in Resources */ = {isa = PBXBuildFile; fileRef = 61B2E6B729B4A18D00765413 /* Assets.xcassets */; };
		61B2E6BD29B4A18D00765413 /* Launch Screen.storyboard in Resources */ = {isa = PBXBuildFile; fileRef = 61B2E6B829B4A18D00765413 /* Launch Screen.storyboard */; };
		61B2E6BE29B4A18D00765413 /* ViewController.swift in Sources */ = {isa = PBXBuildFile; fileRef = 61B2E6B929B4A18D00765413 /* ViewController.swift */; };
		61B2E6C029B4A1C900765413 /* AppDelegate.swift in Sources */ = {isa = PBXBuildFile; fileRef = 61B2E6BF29B4A1C900765413 /* AppDelegate.swift */; };
		61C8B1DD29B4A3750074D4B0 /* Main.storyboard in Resources */ = {isa = PBXBuildFile; fileRef = 61B2E6C129B4A32600765413 /* Main.storyboard */; };
/* End PBXBuildFile section */

/* Begin PBXFileReference section */
		583A3D7A2124A89C00619099 /* Mischungsrechner.app */ = {isa = PBXFileReference; explicitFileType = wrapper.application; includeInIndex = 0; path = Mischungsrechner.app; sourceTree = BUILT_PRODUCTS_DIR; };
		6109B65C29B4D0FF003466CA /* MischungsrechnerView.swift */ = {isa = PBXFileReference; lastKnownFileType = sourcecode.swift; path = MischungsrechnerView.swift; sourceTree = "<group>"; };
		61B2E6B429B4A18D00765413 /* Mischungsrechner.entitlements */ = {isa = PBXFileReference; fileEncoding = 4; lastKnownFileType = text.plist.entitlements; path = Mischungsrechner.entitlements; sourceTree = "<group>"; };
		61B2E6B529B4A18D00765413 /* Base.lproj */ = {isa = PBXFileReference; lastKnownFileType = folder; path = Base.lproj; sourceTree = "<group>"; };
		61B2E6B629B4A18D00765413 /* Info.plist */ = {isa = PBXFileReference; fileEncoding = 4; lastKnownFileType = text.plist.xml; path = Info.plist; sourceTree = "<group>"; };
		61B2E6B729B4A18D00765413 /* Assets.xcassets */ = {isa = PBXFileReference; lastKnownFileType = folder.assetcatalog; path = Assets.xcassets; sourceTree = "<group>"; };
		61B2E6B829B4A18D00765413 /* Launch Screen.storyboard */ = {isa = PBXFileReference; fileEncoding = 4; lastKnownFileType = file.storyboard; path = "Launch Screen.storyboard"; sourceTree = "<group>"; };
		61B2E6B929B4A18D00765413 /* ViewController.swift */ = {isa = PBXFileReference; fileEncoding = 4; lastKnownFileType = sourcecode.swift; path = ViewController.swift; sourceTree = "<group>"; };
		61B2E6BF29B4A1C900765413 /* AppDelegate.swift */ = {isa = PBXFileReference; lastKnownFileType = sourcecode.swift; path = AppDelegate.swift; sourceTree = "<group>"; };
		61B2E6C129B4A32600765413 /* Main.storyboard */ = {isa = PBXFileReference; lastKnownFileType = file.storyboard; path = Main.storyboard; sourceTree = "<group>"; };
/* End PBXFileReference section */

/* Begin PBXFrameworksBuildPhase section */
		583A3D772124A89C00619099 /* Frameworks */ = {
			isa = PBXFrameworksBuildPhase;
			buildActionMask = 2147483647;
			files = (
			);
			runOnlyForDeploymentPostprocessing = 0;
		};
/* End PBXFrameworksBuildPhase section */

/* Begin PBXGroup section */
		583A3D712124A89C00619099 = {
			isa = PBXGroup;
			children = (
				6109B65C29B4D0FF003466CA /* MischungsrechnerView.swift */,
				583A3D7C2124A89C00619099 /* Mischungsrechner */,
				583A3D7B2124A89C00619099 /* Products */,
			);
			sourceTree = "<group>";
		};
		583A3D7B2124A89C00619099 /* Products */ = {
			isa = PBXGroup;
			children = (
				583A3D7A2124A89C00619099 /* Mischungsrechner.app */,
			);
			name = Products;
			sourceTree = "<group>";
		};
		583A3D7C2124A89C00619099 /* Mischungsrechner */ = {
			isa = PBXGroup;
			children = (
				61B2E6BF29B4A1C900765413 /* AppDelegate.swift */,
				61B2E6B729B4A18D00765413 /* Assets.xcassets */,
				61B2E6B529B4A18D00765413 /* Base.lproj */,
				61B2E6B629B4A18D00765413 /* Info.plist */,
				61B2E6C129B4A32600765413 /* Main.storyboard */,
				61B2E6B829B4A18D00765413 /* Launch Screen.storyboard */,
				61B2E6B429B4A18D00765413 /* Mischungsrechner.entitlements */,
				61B2E6B929B4A18D00765413 /* ViewController.swift */,
			);
			path = Mischungsrechner;
			sourceTree = "<group>";
		};
/* End PBXGroup section */

/* Begin PBXNativeTarget section */
		583A3D792124A89C00619099 /* Mischungsrechner */ = {
			isa = PBXNativeTarget;
			buildConfigurationList = 583A3DA22124A89D00619099 /* Build configuration list for PBXNativeTarget "Mischungsrechner" */;
			buildPhases = (
				583A3D762124A89C00619099 /* Sources */,
				583A3D772124A89C00619099 /* Frameworks */,
				583A3D782124A89C00619099 /* Resources */,
			);
			buildRules = (
			);
			dependencies = (
			);
			name = Mischungsrechner;
			productName = Mischungsrechner;
			productReference = 583A3D7A2124A89C00619099 /* Mischungsrechner.app */;
			productType = "com.apple.product-type.application";
		};
/* End PBXNativeTarget section */

/* Begin PBXProject section */
		583A3D722124A89C00619099 /* Project object */ = {
			isa = PBXProject;
			attributes = {
				LastSwiftUpdateCheck = 1000;
				LastUpgradeCheck = 1220;
				ORGANIZATIONNAME = "Marvin Mieth";
				TargetAttributes = {
					583A3D792124A89C00619099 = {
						CreatedOnToolsVersion = 9.4.1;
						LastSwiftMigration = 1000;
					};
				};
			};
			buildConfigurationList = 583A3D752124A89C00619099 /* Build configuration list for PBXProject "Mischungsrechner" */;
			compatibilityVersion = "Xcode 9.3";
			developmentRegion = en;
			hasScannedForEncodings = 0;
			knownRegions = (
				en,
				Base,
			);
			mainGroup = 583A3D712124A89C00619099;
			productRefGroup = 583A3D7B2124A89C00619099 /* Products */;
			projectDirPath = "";
			projectRoot = "";
			targets = (
				583A3D792124A89C00619099 /* Mischungsrechner */,
			);
		};
/* End PBXProject section */

/* Begin PBXResourcesBuildPhase section */
		583A3D782124A89C00619099 /* Resources */ = {
			isa = PBXResourcesBuildPhase;
			buildActionMask = 2147483647;
			files = (
				61C8B1DD29B4A3750074D4B0 /* Main.storyboard in Resources */,
				61B2E6BA29B4A18D00765413 /* Base.lproj in Resources */,
				61B2E6BC29B4A18D00765413 /* Assets.xcassets in Resources */,
				61B2E6BD29B4A18D00765413 /* Launch Screen.storyboard in Resources */,
			);
			runOnlyForDeploymentPostprocessing = 0;
		};
/* End PBXResourcesBuildPhase section */

/* Begin PBXSourcesBuildPhase section */
		583A3D762124A89C00619099 /* Sources */ = {
			isa = PBXSourcesBuildPhase;
			buildActionMask = 2147483647;
			files = (
				61B2E6C029B4A1C900765413 /* AppDelegate.swift in Sources */,
				61B2E6BE29B4A18D00765413 /* ViewController.swift in Sources */,
				6109B65D29B4D0FF003466CA /* MischungsrechnerView.swift in Sources */,
			);
			runOnlyForDeploymentPostprocessing = 0;
		};
/* End PBXSourcesBuildPhase section */

/* Begin XCBuildConfiguration section */
		583A3DA02124A89D00619099 /* Debug */ = {
			isa = XCBuildConfiguration;
			buildSettings = {
				ALWAYS_SEARCH_USER_PATHS = NO;
				CLANG_ANALYZER_NONNULL = YES;
				CLANG_ANALYZER_NUMBER_OBJECT_CONVERSION = YES_AGGRESSIVE;
				CLANG_CXX_LANGUAGE_STANDARD = "gnu++14";
				CLANG_CXX_LIBRARY = "libc++";
				CLANG_ENABLE_MODULES = YES;
				CLANG_ENABLE_OBJC_ARC = YES;
				CLANG_ENABLE_OBJC_WEAK = YES;
				CLANG_WARN_BLOCK_CAPTURE_AUTORELEASING = YES;
				CLANG_WARN_BOOL_CONVERSION = YES;
				CLANG_WARN_COMMA = YES;
				CLANG_WARN_CONSTANT_CONVERSION = YES;
				CLANG_WARN_DEPRECATED_OBJC_IMPLEMENTATIONS = YES;
				CLANG_WARN_DIRECT_OBJC_ISA_USAGE = YES_ERROR;
				CLANG_WARN_DOCUMENTATION_COMMENTS = YES;
				CLANG_WARN_EMPTY_BODY = YES;
				CLANG_WARN_ENUM_CONVERSION = YES;
				CLANG_WARN_INFINITE_RECURSION = YES;
				CLANG_WARN_INT_CONVERSION = YES;
				CLANG_WARN_NON_LITERAL_NULL_CONVERSION = YES;
				CLANG_WARN_OBJC_IMPLICIT_RETAIN_SELF = YES;
				CLANG_WARN_OBJC_LITERAL_CONVERSION = YES;
				CLANG_WARN_OBJC_ROOT_CLASS = YES_ERROR;
				CLANG_WARN_QUOTED_INCLUDE_IN_FRAMEWORK_HEADER = YES;
				CLANG_WARN_RANGE_LOOP_ANALYSIS = YES;
				CLANG_WARN_STRICT_PROTOTYPES = YES;
				CLANG_WARN_SUSPICIOUS_MOVE = YES;
				CLANG_WARN_UNGUARDED_AVAILABILITY = YES_AGGRESSIVE;
				CLANG_WARN_UNREACHABLE_CODE = YES;
				CLANG_WARN__DUPLICATE_METHOD_MATCH = YES;
				CODE_SIGN_IDENTITY = "iPhone Developer";
				COPY_PHASE_STRIP = NO;
				DEBUG_INFORMATION_FORMAT = dwarf;
				ENABLE_STRICT_OBJC_MSGSEND = YES;
				ENABLE_TESTABILITY = YES;
				GCC_C_LANGUAGE_STANDARD = gnu11;
				GCC_DYNAMIC_NO_PIC = NO;
				GCC_NO_COMMON_BLOCKS = YES;
				GCC_OPTIMIZATION_LEVEL = 0;
				GCC_PREPROCESSOR_DEFINITIONS = (
					"DEBUG=1",
					"$(inherited)",
				);
				GCC_WARN_64_TO_32_BIT_CONVERSION = YES;
				GCC_WARN_ABOUT_RETURN_TYPE = YES_ERROR;
				GCC_WARN_UNDECLARED_SELECTOR = YES;
				GCC_WARN_UNINITIALIZED_AUTOS = YES_AGGRESSIVE;
				GCC_WARN_UNUSED_FUNCTION = YES;
				GCC_WARN_UNUSED_VARIABLE = YES;
				IPHONEOS_DEPLOYMENT_TARGET = 13.0;
				MTL_ENABLE_DEBUG_INFO = YES;
				ONLY_ACTIVE_ARCH = YES;
				SDKROOT = iphoneos;
				SWIFT_ACTIVE_COMPILATION_CONDITIONS = DEBUG;
				SWIFT_OPTIMIZATION_LEVEL = "-Onone";
				TARGETED_DEVICE_FAMILY = "1,2,6";
			};
			name = Debug;
		};
		583A3DA12124A89D00619099 /* Release */ = {
			isa = XCBuildConfiguration;
			buildSettings = {
				ALWAYS_SEARCH_USER_PATHS = NO;
				CLANG_ANALYZER_NONNULL = YES;
				CLANG_ANALYZER_NUMBER_OBJECT_CONVERSION = YES_AGGRESSIVE;
				CLANG_CXX_LANGUAGE_STANDARD = "gnu++14";
				CLANG_CXX_LIBRARY = "libc++";
				CLANG_ENABLE_MODULES = YES;
				CLANG_ENABLE_OBJC_ARC = YES;
				CLANG_ENABLE_OBJC_WEAK = YES;
				CLANG_WARN_BLOCK_CAPTURE_AUTORELEASING = YES;
				CLANG_WARN_BOOL_CONVERSION = YES;
				CLANG_WARN_COMMA = YES;
				CLANG_WARN_CONSTANT_CONVERSION = YES;
				CLANG_WARN_DEPRECATED_OBJC_IMPLEMENTATIONS = YES;
				CLANG_WARN_DIRECT_OBJC_ISA_USAGE = YES_ERROR;
				CLANG_WARN_DOCUMENTATION_COMMENTS = YES;
				CLANG_WARN_EMPTY_BODY = YES;
				CLANG_WARN_ENUM_CONVERSION = YES;
				CLANG_WARN_INFINITE_RECURSION = YES;
				CLANG_WARN_INT_CONVERSION = YES;
				CLANG_WARN_NON_LITERAL_NULL_CONVERSION = YES;
				CLANG_WARN_OBJC_IMPLICIT_RETAIN_SELF = YES;
				CLANG_WARN_OBJC_LITERAL_CONVERSION = YES;
				CLANG_WARN_OBJC_ROOT_CLASS = YES_ERROR;
				CLANG_WARN_QUOTED_INCLUDE_IN_FRAMEWORK_HEADER = YES;
				CLANG_WARN_RANGE_LOOP_ANALYSIS = YES;
				CLANG_WARN_STRICT_PROTOTYPES = YES;
				CLANG_WARN_SUSPICIOUS_MOVE = YES;
				CLANG_WARN_UNGUARDED_AVAILABILITY = YES_AGGRESSIVE;
				CLANG_WARN_UNREACHABLE_CODE = YES;
				CLANG_WARN__DUPLICATE_METHOD_MATCH = YES;
				CODE_SIGN_IDENTITY = "iPhone Developer";
				COPY_PHASE_STRIP = NO;
				DEBUG_INFORMATION_FORMAT = "dwarf-with-dsym";
				ENABLE_NS_ASSERTIONS = NO;
				ENABLE_STRICT_OBJC_MSGSEND = YES;
				GCC_C_LANGUAGE_STANDARD = gnu11;
				GCC_NO_COMMON_BLOCKS = YES;
				GCC_WARN_64_TO_32_BIT_CONVERSION = YES;
				GCC_WARN_ABOUT_RETURN_TYPE = YES_ERROR;
				GCC_WARN_UNDECLARED_SELECTOR = YES;
				GCC_WARN_UNINITIALIZED_AUTOS = YES_AGGRESSIVE;
				GCC_WARN_UNUSED_FUNCTION = YES;
				GCC_WARN_UNUSED_VARIABLE = YES;
				IPHONEOS_DEPLOYMENT_TARGET = 13.0;
				MTL_ENABLE_DEBUG_INFO = NO;
				SDKROOT = iphoneos;
				SWIFT_COMPILATION_MODE = wholemodule;
				SWIFT_OPTIMIZATION_LEVEL = "-O";
				TARGETED_DEVICE_FAMILY = "1,2,6";
				VALIDATE_PRODUCT = YES;
			};
			name = Release;
		};
		583A3DA32124A89D00619099 /* Debug */ = {
			isa = XCBuildConfiguration;
			buildSettings = {
				ASSETCATALOG_COMPILER_APPICON_NAME = AppIcon;
				ASSETCATALOG_COMPILER_INCLUDE_ALL_APPICON_ASSETS = NO;
				CODE_SIGN_STYLE = Automatic;
				CURRENT_PROJECT_VERSION = 42;
				DEVELOPMENT_TEAM = NZ3MYR5VXG;
				INFOPLIST_FILE = Mischungsrechner/Info.plist;
				INFOPLIST_KEY_LSApplicationCategoryType = "public.app-category.education";
				IPHONEOS_DEPLOYMENT_TARGET = 14.0;
				LD_RUNPATH_SEARCH_PATHS = (
					"$(inherited)",
					"@executable_path/Frameworks",
				);
				MARKETING_VERSION = 3.0.10;
				PRODUCT_BUNDLE_IDENTIFIER = NZ3MYR5VXG.org.reactjs.marvinmieth.Mischungsrechner;
				PRODUCT_NAME = "$(TARGET_NAME)";
				SUPPORTED_PLATFORMS = "iphoneos iphonesimulator";
				SUPPORTS_MACCATALYST = NO;
				SUPPORTS_MAC_DESIGNED_FOR_IPHONE_IPAD = YES;
				SWIFT_VERSION = 5.0;
				TARGETED_DEVICE_FAMILY = "1,2";
			};
			name = Debug;
		};
		583A3DA42124A89D00619099 /* Release */ = {
			isa = XCBuildConfiguration;
			buildSettings = {
				ASSETCATALOG_COMPILER_APPICON_NAME = AppIcon;
				ASSETCATALOG_COMPILER_INCLUDE_ALL_APPICON_ASSETS = NO;
				CODE_SIGN_STYLE = Automatic;
				CURRENT_PROJECT_VERSION = 42;
				DEVELOPMENT_TEAM = NZ3MYR5VXG;
				INFOPLIST_FILE = Mischungsrechner/Info.plist;
				INFOPLIST_KEY_LSApplicationCategoryType = "public.app-category.education";
				IPHONEOS_DEPLOYMENT_TARGET = 14.0;
				LD_RUNPATH_SEARCH_PATHS = (
					"$(inherited)",
					"@executable_path/Frameworks",
				);
				MARKETING_VERSION = 3.0.10;
				PRODUCT_BUNDLE_IDENTIFIER = NZ3MYR5VXG.org.reactjs.marvinmieth.Mischungsrechner;
				PRODUCT_NAME = "$(TARGET_NAME)";
				SUPPORTED_PLATFORMS = "iphoneos iphonesimulator";
				SUPPORTS_MACCATALYST = NO;
				SUPPORTS_MAC_DESIGNED_FOR_IPHONE_IPAD = YES;
				SWIFT_VERSION = 5.0;
				TARGETED_DEVICE_FAMILY = "1,2";
			};
			name = Release;
		};
/* End XCBuildConfiguration section */

/* Begin XCConfigurationList section */
		583A3D752124A89C00619099 /* Build configuration list for PBXProject "Mischungsrechner" */ = {
			isa = XCConfigurationList;
			buildConfigurations = (
				583A3DA02124A89D00619099 /* Debug */,
				583A3DA12124A89D00619099 /* Release */,
			);
			defaultConfigurationIsVisible = 0;
			defaultConfigurationName = Release;
		};
		583A3DA22124A89D00619099 /* Build configuration list for PBXNativeTarget "Mischungsrechner" */ = {
			isa = XCConfigurationList;
			buildConfigurations = (
				583A3DA32124A89D00619099 /* Debug */,
				583A3DA42124A89D00619099 /* Release */,
			);
			defaultConfigurationIsVisible = 0;
			defaultConfigurationName = Release;
		};
/* End XCConfigurationList section */
	};
	rootObject = 583A3D722124A89C00619099 /* Project object */;
}
